
Microsoft Visual Studio Solution File, Format Version 12.00
# Visual Studio Version 17
VisualStudioVersion = 17.14.36401.2 d17.14
MinimumVisualStudioVersion = 10.0.40219.1
Project("{FAE04EC0-301F-11D3-BF4B-00C04F79EFBC}") = "RMSHOP.PL", "RMSHOP.PL\RMSHOP.PL.csproj", "{6A36DDE7-5220-4860-9DB4-48DAE8D755CC}"
EndProject
Project("{FAE04EC0-301F-11D3-BF4B-00C04F79EFBC}") = "RMSHOP.BLL", "RMSHOP.BLL\RMSHOP.BLL.csproj", "{D6999C81-BE5A-48EE-A9B0-5F05FE4EB491}"
EndProject
Project("{FAE04EC0-301F-11D3-BF4B-00C04F79EFBC}") = "RMSHOP.DAL", "RMSHOP.DAL\RMSHOP.DAL.csproj", "{9B01B353-3C5E-4BEE-84C0-C86D630E909B}"
EndProject
Global
	GlobalSection(SolutionConfigurationPlatforms) = preSolution
		Debug|Any CPU = Debug|Any CPU
		Release|Any CPU = Release|Any CPU
	EndGlobalSection
	GlobalSection(ProjectConfigurationPlatforms) = postSolution
		{6A36DDE7-5220-4860-9DB4-48DAE8D755CC}.Debug|Any CPU.ActiveCfg = Debug|Any CPU
		{6A36DDE7-5220-4860-9DB4-48DAE8D755CC}.Debug|Any CPU.Build.0 = Debug|Any CPU
		{6A36DDE7-5220-4860-9DB4-48DAE8D755CC}.Release|Any CPU.ActiveCfg = Release|Any CPU
		{6A36DDE7-5220-4860-9DB4-48DAE8D755CC}.Release|Any CPU.Build.0 = Release|Any CPU
		{D6999C81-BE5A-48EE-A9B0-5F05FE4EB491}.Debug|Any CPU.ActiveCfg = Debug|Any CPU
		{D6999C81-BE5A-48EE-A9B0-5F05FE4EB491}.Debug|Any CPU.Build.0 = Debug|Any CPU
		{D6999C81-BE5A-48EE-A9B0-5F05FE4EB491}.Release|Any CPU.ActiveCfg = Release|Any CPU
		{D6999C81-BE5A-48EE-A9B0-5F05FE4EB491}.Release|Any CPU.Build.0 = Release|Any CPU
		{9B01B353-3C5E-4BEE-84C0-C86D630E909B}.Debug|Any CPU.ActiveCfg = Debug|Any CPU
		{9B01B353-3C5E-4BEE-84C0-C86D630E909B}.Debug|Any CPU.Build.0 = Debug|Any CPU
		{9B01B353-3C5E-4BEE-84C0-C86D630E909B}.Release|Any CPU.ActiveCfg = Release|Any CPU
		{9B01B353-3C5E-4BEE-84C0-C86D630E909B}.Release|Any CPU.Build.0 = Release|Any CPU
	EndGlobalSection
	GlobalSection(SolutionProperties) = preSolution
		HideSolutionNode = FALSE
	EndGlobalSection
	GlobalSection(ExtensibilityGlobals) = postSolution
		SolutionGuid = {2DFB6148-C039-4221-8809-CE202A86CD87}
	EndGlobalSection
EndGlobal
